
Microsoft Visual Studio Solution File, Format Version 12.00
# Visual Studio 15
VisualStudioVersion = 15.0.28010.2036
MinimumVisualStudioVersion = 10.0.40219.1
Project("{FAE04EC0-301F-11D3-BF4B-00C04F79EFBC}") = "WebApiAdministrator", "TestWebApi\WebApiAdministrator.csproj", "{E8FE2387-A9AE-4A6C-B013-66621E2DDFBC}"
EndProject
Global
	GlobalSection(SolutionConfigurationPlatforms) = preSolution
		Debug|Any CPU = Debug|Any CPU
		Release|Any CPU = Release|Any CPU
	EndGlobalSection
	GlobalSection(ProjectConfigurationPlatforms) = postSolution
		{E8FE2387-A9AE-4A6C-B013-66621E2DDFBC}.Debug|Any CPU.ActiveCfg = Debug|Any CPU
		{E8FE2387-A9AE-4A6C-B013-66621E2DDFBC}.Debug|Any CPU.Build.0 = Debug|Any CPU
		{E8FE2387-A9AE-4A6C-B013-66621E2DDFBC}.Release|Any CPU.ActiveCfg = Release|Any CPU
		{E8FE2387-A9AE-4A6C-B013-66621E2DDFBC}.Release|Any CPU.Build.0 = Release|Any CPU
	EndGlobalSection
	GlobalSection(SolutionProperties) = preSolution
		HideSolutionNode = FALSE
	EndGlobalSection
	GlobalSection(ExtensibilityGlobals) = postSolution
		SolutionGuid = {93A1C797-D33E-4E8E-A0C7-DB885CE00E89}
	EndGlobalSection
EndGlobal
